
Microsoft Visual Studio Solution File, Format Version 12.00
# Visual Studio Version 16
VisualStudioVersion = 16.0.29905.134
MinimumVisualStudioVersion = 10.0.40219.1
Project("{FAE04EC0-301F-11D3-BF4B-00C04F79EFBC}") = "asp18", "asp18\asp18.csproj", "{EE237D68-EA7A-4A37-B51F-8A80D54480DE}"
EndProject
Global
	GlobalSection(SolutionConfigurationPlatforms) = preSolution
		Debug|Any CPU = Debug|Any CPU
		Release|Any CPU = Release|Any CPU
	EndGlobalSection
	GlobalSection(ProjectConfigurationPlatforms) = postSolution
		{EE237D68-EA7A-4A37-B51F-8A80D54480DE}.Debug|Any CPU.ActiveCfg = Debug|Any CPU
		{EE237D68-EA7A-4A37-B51F-8A80D54480DE}.Debug|Any CPU.Build.0 = Debug|Any CPU
		{EE237D68-EA7A-4A37-B51F-8A80D54480DE}.Release|Any CPU.ActiveCfg = Release|Any CPU
		{EE237D68-EA7A-4A37-B51F-8A80D54480DE}.Release|Any CPU.Build.0 = Release|Any CPU
	EndGlobalSection
	GlobalSection(SolutionProperties) = preSolution
		HideSolutionNode = FALSE
	EndGlobalSection
	GlobalSection(ExtensibilityGlobals) = postSolution
		SolutionGuid = {2A6246CA-B4FF-40DD-A9A7-83B8A5F9D4D1}
	EndGlobalSection
EndGlobal
