
Microsoft Visual Studio Solution File, Format Version 12.00
# Visual Studio Version 16
VisualStudioVersion = 16.0.29905.134
MinimumVisualStudioVersion = 10.0.40219.1
Project("{FAE04EC0-301F-11D3-BF4B-00C04F79EFBC}") = "app3", "app3\app3.csproj", "{FE80F59D-7681-4AED-A4F3-06AC8F67C84A}"
EndProject
Global
	GlobalSection(SolutionConfigurationPlatforms) = preSolution
		Debug|Any CPU = Debug|Any CPU
		Release|Any CPU = Release|Any CPU
	EndGlobalSection
	GlobalSection(ProjectConfigurationPlatforms) = postSolution
		{FE80F59D-7681-4AED-A4F3-06AC8F67C84A}.Debug|Any CPU.ActiveCfg = Debug|Any CPU
		{FE80F59D-7681-4AED-A4F3-06AC8F67C84A}.Debug|Any CPU.Build.0 = Debug|Any CPU
		{FE80F59D-7681-4AED-A4F3-06AC8F67C84A}.Release|Any CPU.ActiveCfg = Release|Any CPU
		{FE80F59D-7681-4AED-A4F3-06AC8F67C84A}.Release|Any CPU.Build.0 = Release|Any CPU
	EndGlobalSection
	GlobalSection(SolutionProperties) = preSolution
		HideSolutionNode = FALSE
	EndGlobalSection
	GlobalSection(ExtensibilityGlobals) = postSolution
		SolutionGuid = {C32849E5-8CDA-4243-BAC4-006F082A1790}
	EndGlobalSection
EndGlobal
