
Microsoft Visual Studio Solution File, Format Version 12.00
# Visual Studio Version 16
VisualStudioVersion = 16.0.29905.134
MinimumVisualStudioVersion = 10.0.40219.1
Project("{FAE04EC0-301F-11D3-BF4B-00C04F79EFBC}") = "app2", "app2\app2.csproj", "{445EAFCC-757B-4937-BDAE-38E261BBF58A}"
EndProject
Global
	GlobalSection(SolutionConfigurationPlatforms) = preSolution
		Debug|Any CPU = Debug|Any CPU
		Release|Any CPU = Release|Any CPU
	EndGlobalSection
	GlobalSection(ProjectConfigurationPlatforms) = postSolution
		{445EAFCC-757B-4937-BDAE-38E261BBF58A}.Debug|Any CPU.ActiveCfg = Debug|Any CPU
		{445EAFCC-757B-4937-BDAE-38E261BBF58A}.Debug|Any CPU.Build.0 = Debug|Any CPU
		{445EAFCC-757B-4937-BDAE-38E261BBF58A}.Release|Any CPU.ActiveCfg = Release|Any CPU
		{445EAFCC-757B-4937-BDAE-38E261BBF58A}.Release|Any CPU.Build.0 = Release|Any CPU
	EndGlobalSection
	GlobalSection(SolutionProperties) = preSolution
		HideSolutionNode = FALSE
	EndGlobalSection
	GlobalSection(ExtensibilityGlobals) = postSolution
		SolutionGuid = {492EAD52-1ECA-4268-9A20-0F1FC3FC1E60}
	EndGlobalSection
EndGlobal
