
Microsoft Visual Studio Solution File, Format Version 12.00
# Visual Studio Version 16
VisualStudioVersion = 16.0.29905.134
MinimumVisualStudioVersion = 10.0.40219.1
Project("{FAE04EC0-301F-11D3-BF4B-00C04F79EFBC}") = "asp4", "asp4\asp4.csproj", "{568C15E0-D1DA-408A-BEA6-2640DA13FD28}"
EndProject
Global
	GlobalSection(SolutionConfigurationPlatforms) = preSolution
		Debug|Any CPU = Debug|Any CPU
		Release|Any CPU = Release|Any CPU
	EndGlobalSection
	GlobalSection(ProjectConfigurationPlatforms) = postSolution
		{568C15E0-D1DA-408A-BEA6-2640DA13FD28}.Debug|Any CPU.ActiveCfg = Debug|Any CPU
		{568C15E0-D1DA-408A-BEA6-2640DA13FD28}.Debug|Any CPU.Build.0 = Debug|Any CPU
		{568C15E0-D1DA-408A-BEA6-2640DA13FD28}.Release|Any CPU.ActiveCfg = Release|Any CPU
		{568C15E0-D1DA-408A-BEA6-2640DA13FD28}.Release|Any CPU.Build.0 = Release|Any CPU
	EndGlobalSection
	GlobalSection(SolutionProperties) = preSolution
		HideSolutionNode = FALSE
	EndGlobalSection
	GlobalSection(ExtensibilityGlobals) = postSolution
		SolutionGuid = {4D8BE62A-5B31-42CF-A5BB-D1791395E42A}
	EndGlobalSection
EndGlobal
