
Microsoft Visual Studio Solution File, Format Version 12.00
# Visual Studio Version 16
VisualStudioVersion = 16.0.29905.134
MinimumVisualStudioVersion = 10.0.40219.1
Project("{FAE04EC0-301F-11D3-BF4B-00C04F79EFBC}") = "asp12", "asp12\asp12.csproj", "{B625F13B-DD70-4D5C-8FA7-B501BC4C57CB}"
EndProject
Global
	GlobalSection(SolutionConfigurationPlatforms) = preSolution
		Debug|Any CPU = Debug|Any CPU
		Release|Any CPU = Release|Any CPU
	EndGlobalSection
	GlobalSection(ProjectConfigurationPlatforms) = postSolution
		{B625F13B-DD70-4D5C-8FA7-B501BC4C57CB}.Debug|Any CPU.ActiveCfg = Debug|Any CPU
		{B625F13B-DD70-4D5C-8FA7-B501BC4C57CB}.Debug|Any CPU.Build.0 = Debug|Any CPU
		{B625F13B-DD70-4D5C-8FA7-B501BC4C57CB}.Release|Any CPU.ActiveCfg = Release|Any CPU
		{B625F13B-DD70-4D5C-8FA7-B501BC4C57CB}.Release|Any CPU.Build.0 = Release|Any CPU
	EndGlobalSection
	GlobalSection(SolutionProperties) = preSolution
		HideSolutionNode = FALSE
	EndGlobalSection
	GlobalSection(ExtensibilityGlobals) = postSolution
		SolutionGuid = {F38B67A9-F92C-4FFE-B3F4-5C7EA69A8EEE}
	EndGlobalSection
EndGlobal
